
Microsoft Visual Studio Solution File, Format Version 12.00
# Visual Studio Version 17
VisualStudioVersion = 17.0.31903.59
MinimumVisualStudioVersion = 10.0.40219.1
Project("{FAE04EC0-301F-11D3-BF4B-00C04F79EFBC}") = "ISAI.Domain", "ISAI.Domain\ISAI.Domain.csproj", "{F8884C28-EE34-4E39-B6AC-704A407DFE8F}"
EndProject
Project("{FAE04EC0-301F-11D3-BF4B-00C04F79EFBC}") = "ISAI.Application", "ISAI.Application\ISAI.Application.csproj", "{1CF5902D-8CAF-420B-96A2-A186F5C99CD0}"
EndProject
Project("{FAE04EC0-301F-11D3-BF4B-00C04F79EFBC}") = "ISAI.Infrastructure", "ISAI.Infrastructure\ISAI.Infrastructure.csproj", "{B5E51218-E6F6-459B-A6CB-B8C14D1D5AF8}"
EndProject
Project("{FAE04EC0-301F-11D3-BF4B-00C04F79EFBC}") = "ISAI.Api", "ISAI.Api\ISAI.Api.csproj", "{CDFC41A4-3035-4E6E-BC74-7962AA4B3408}"
EndProject
Project("{2150E333-8FDC-42A3-9474-1A3956D46DE8}") = "tests", "tests", "{0AB3BF05-4346-4AA6-1389-037BE0695223}"
EndProject
Project("{FAE04EC0-301F-11D3-BF4B-00C04F79EFBC}") = "ISAI.UnitTests", "tests\ISAI.UnitTests\ISAI.UnitTests.csproj", "{43B8A3EF-47E5-4FD2-AA97-C1062BF12735}"
EndProject
Project("{FAE04EC0-301F-11D3-BF4B-00C04F79EFBC}") = "ISAI.IntegrationTests", "tests\ISAI.IntegrationTests\ISAI.IntegrationTests.csproj", "{4BF631EA-FE1E-49F6-959D-8390FC6A35E8}"
EndProject
Global
	GlobalSection(SolutionConfigurationPlatforms) = preSolution
		Debug|Any CPU = Debug|Any CPU
		Debug|x64 = Debug|x64
		Debug|x86 = Debug|x86
		Release|Any CPU = Release|Any CPU
		Release|x64 = Release|x64
		Release|x86 = Release|x86
	EndGlobalSection
	GlobalSection(ProjectConfigurationPlatforms) = postSolution
		{F8884C28-EE34-4E39-B6AC-704A407DFE8F}.Debug|Any CPU.ActiveCfg = Debug|Any CPU
		{F8884C28-EE34-4E39-B6AC-704A407DFE8F}.Debug|Any CPU.Build.0 = Debug|Any CPU
		{F8884C28-EE34-4E39-B6AC-704A407DFE8F}.Debug|x64.ActiveCfg = Debug|Any CPU
		{F8884C28-EE34-4E39-B6AC-704A407DFE8F}.Debug|x64.Build.0 = Debug|Any CPU
		{F8884C28-EE34-4E39-B6AC-704A407DFE8F}.Debug|x86.ActiveCfg = Debug|Any CPU
		{F8884C28-EE34-4E39-B6AC-704A407DFE8F}.Debug|x86.Build.0 = Debug|Any CPU
		{F8884C28-EE34-4E39-B6AC-704A407DFE8F}.Release|Any CPU.ActiveCfg = Release|Any CPU
		{F8884C28-EE34-4E39-B6AC-704A407DFE8F}.Release|Any CPU.Build.0 = Release|Any CPU
		{F8884C28-EE34-4E39-B6AC-704A407DFE8F}.Release|x64.ActiveCfg = Release|Any CPU
		{F8884C28-EE34-4E39-B6AC-704A407DFE8F}.Release|x64.Build.0 = Release|Any CPU
		{F8884C28-EE34-4E39-B6AC-704A407DFE8F}.Release|x86.ActiveCfg = Release|Any CPU
		{F8884C28-EE34-4E39-B6AC-704A407DFE8F}.Release|x86.Build.0 = Release|Any CPU
		{1CF5902D-8CAF-420B-96A2-A186F5C99CD0}.Debug|Any CPU.ActiveCfg = Debug|Any CPU
		{1CF5902D-8CAF-420B-96A2-A186F5C99CD0}.Debug|Any CPU.Build.0 = Debug|Any CPU
		{1CF5902D-8CAF-420B-96A2-A186F5C99CD0}.Debug|x64.ActiveCfg = Debug|Any CPU
		{1CF5902D-8CAF-420B-96A2-A186F5C99CD0}.Debug|x64.Build.0 = Debug|Any CPU
		{1CF5902D-8CAF-420B-96A2-A186F5C99CD0}.Debug|x86.ActiveCfg = Debug|Any CPU
		{1CF5902D-8CAF-420B-96A2-A186F5C99CD0}.Debug|x86.Build.0 = Debug|Any CPU
		{1CF5902D-8CAF-420B-96A2-A186F5C99CD0}.Release|Any CPU.ActiveCfg = Release|Any CPU
		{1CF5902D-8CAF-420B-96A2-A186F5C99CD0}.Release|Any CPU.Build.0 = Release|Any CPU
		{1CF5902D-8CAF-420B-96A2-A186F5C99CD0}.Release|x64.ActiveCfg = Release|Any CPU
		{1CF5902D-8CAF-420B-96A2-A186F5C99CD0}.Release|x64.Build.0 = Release|Any CPU
		{1CF5902D-8CAF-420B-96A2-A186F5C99CD0}.Release|x86.ActiveCfg = Release|Any CPU
		{1CF5902D-8CAF-420B-96A2-A186F5C99CD0}.Release|x86.Build.0 = Release|Any CPU
		{B5E51218-E6F6-459B-A6CB-B8C14D1D5AF8}.Debug|Any CPU.ActiveCfg = Debug|Any CPU
		{B5E51218-E6F6-459B-A6CB-B8C14D1D5AF8}.Debug|Any CPU.Build.0 = Debug|Any CPU
		{B5E51218-E6F6-459B-A6CB-B8C14D1D5AF8}.Debug|x64.ActiveCfg = Debug|Any CPU
		{B5E51218-E6F6-459B-A6CB-B8C14D1D5AF8}.Debug|x64.Build.0 = Debug|Any CPU
		{B5E51218-E6F6-459B-A6CB-B8C14D1D5AF8}.Debug|x86.ActiveCfg = Debug|Any CPU
		{B5E51218-E6F6-459B-A6CB-B8C14D1D5AF8}.Debug|x86.Build.0 = Debug|Any CPU
		{B5E51218-E6F6-459B-A6CB-B8C14D1D5AF8}.Release|Any CPU.ActiveCfg = Release|Any CPU
		{B5E51218-E6F6-459B-A6CB-B8C14D1D5AF8}.Release|Any CPU.Build.0 = Release|Any CPU
		{B5E51218-E6F6-459B-A6CB-B8C14D1D5AF8}.Release|x64.ActiveCfg = Release|Any CPU
		{B5E51218-E6F6-459B-A6CB-B8C14D1D5AF8}.Release|x64.Build.0 = Release|Any CPU
		{B5E51218-E6F6-459B-A6CB-B8C14D1D5AF8}.Release|x86.ActiveCfg = Release|Any CPU
		{B5E51218-E6F6-459B-A6CB-B8C14D1D5AF8}.Release|x86.Build.0 = Release|Any CPU
		{CDFC41A4-3035-4E6E-BC74-7962AA4B3408}.Debug|Any CPU.ActiveCfg = Debug|Any CPU
		{CDFC41A4-3035-4E6E-BC74-7962AA4B3408}.Debug|Any CPU.Build.0 = Debug|Any CPU
		{CDFC41A4-3035-4E6E-BC74-7962AA4B3408}.Debug|x64.ActiveCfg = Debug|Any CPU
		{CDFC41A4-3035-4E6E-BC74-7962AA4B3408}.Debug|x64.Build.0 = Debug|Any CPU
		{CDFC41A4-3035-4E6E-BC74-7962AA4B3408}.Debug|x86.ActiveCfg = Debug|Any CPU
		{CDFC41A4-3035-4E6E-BC74-7962AA4B3408}.Debug|x86.Build.0 = Debug|Any CPU
		{CDFC41A4-3035-4E6E-BC74-7962AA4B3408}.Release|Any CPU.ActiveCfg = Release|Any CPU
		{CDFC41A4-3035-4E6E-BC74-7962AA4B3408}.Release|Any CPU.Build.0 = Release|Any CPU
		{CDFC41A4-3035-4E6E-BC74-7962AA4B3408}.Release|x64.ActiveCfg = Release|Any CPU
		{CDFC41A4-3035-4E6E-BC74-7962AA4B3408}.Release|x64.Build.0 = Release|Any CPU
		{CDFC41A4-3035-4E6E-BC74-7962AA4B3408}.Release|x86.ActiveCfg = Release|Any CPU
		{CDFC41A4-3035-4E6E-BC74-7962AA4B3408}.Release|x86.Build.0 = Release|Any CPU
		{43B8A3EF-47E5-4FD2-AA97-C1062BF12735}.Debug|Any CPU.ActiveCfg = Debug|Any CPU
		{43B8A3EF-47E5-4FD2-AA97-C1062BF12735}.Debug|Any CPU.Build.0 = Debug|Any CPU
		{43B8A3EF-47E5-4FD2-AA97-C1062BF12735}.Debug|x64.ActiveCfg = Debug|Any CPU
		{43B8A3EF-47E5-4FD2-AA97-C1062BF12735}.Debug|x64.Build.0 = Debug|Any CPU
		{43B8A3EF-47E5-4FD2-AA97-C1062BF12735}.Debug|x86.ActiveCfg = Debug|Any CPU
		{43B8A3EF-47E5-4FD2-AA97-C1062BF12735}.Debug|x86.Build.0 = Debug|Any CPU
		{43B8A3EF-47E5-4FD2-AA97-C1062BF12735}.Release|Any CPU.ActiveCfg = Release|Any CPU
		{43B8A3EF-47E5-4FD2-AA97-C1062BF12735}.Release|Any CPU.Build.0 = Release|Any CPU
		{43B8A3EF-47E5-4FD2-AA97-C1062BF12735}.Release|x64.ActiveCfg = Release|Any CPU
		{43B8A3EF-47E5-4FD2-AA97-C1062BF12735}.Release|x64.Build.0 = Release|Any CPU
		{43B8A3EF-47E5-4FD2-AA97-C1062BF12735}.Release|x86.ActiveCfg = Release|Any CPU
		{43B8A3EF-47E5-4FD2-AA97-C1062BF12735}.Release|x86.Build.0 = Release|Any CPU
		{4BF631EA-FE1E-49F6-959D-8390FC6A35E8}.Debug|Any CPU.ActiveCfg = Debug|Any CPU
		{4BF631EA-FE1E-49F6-959D-8390FC6A35E8}.Debug|Any CPU.Build.0 = Debug|Any CPU
		{4BF631EA-FE1E-49F6-959D-8390FC6A35E8}.Debug|x64.ActiveCfg = Debug|Any CPU
		{4BF631EA-FE1E-49F6-959D-8390FC6A35E8}.Debug|x64.Build.0 = Debug|Any CPU
		{4BF631EA-FE1E-49F6-959D-8390FC6A35E8}.Debug|x86.ActiveCfg = Debug|Any CPU
		{4BF631EA-FE1E-49F6-959D-8390FC6A35E8}.Debug|x86.Build.0 = Debug|Any CPU
		{4BF631EA-FE1E-49F6-959D-8390FC6A35E8}.Release|Any CPU.ActiveCfg = Release|Any CPU
		{4BF631EA-FE1E-49F6-959D-8390FC6A35E8}.Release|Any CPU.Build.0 = Release|Any CPU
		{4BF631EA-FE1E-49F6-959D-8390FC6A35E8}.Release|x64.ActiveCfg = Release|Any CPU
		{4BF631EA-FE1E-49F6-959D-8390FC6A35E8}.Release|x64.Build.0 = Release|Any CPU
		{4BF631EA-FE1E-49F6-959D-8390FC6A35E8}.Release|x86.ActiveCfg = Release|Any CPU
		{4BF631EA-FE1E-49F6-959D-8390FC6A35E8}.Release|x86.Build.0 = Release|Any CPU
	EndGlobalSection
	GlobalSection(SolutionProperties) = preSolution
		HideSolutionNode = FALSE
	EndGlobalSection
	GlobalSection(NestedProjects) = preSolution
		{43B8A3EF-47E5-4FD2-AA97-C1062BF12735} = {0AB3BF05-4346-4AA6-1389-037BE0695223}
		{4BF631EA-FE1E-49F6-959D-8390FC6A35E8} = {0AB3BF05-4346-4AA6-1389-037BE0695223}
	EndGlobalSection
EndGlobal
